
Microsoft Visual Studio Solution File, Format Version 12.00
# Visual Studio Version 18
VisualStudioVersion = 18.1.11312.151 d18.0
MinimumVisualStudioVersion = 10.0.40219.1
Project("{FAE04EC0-301F-11D3-BF4B-00C04F79EFBC}") = "UtilityManagementSystem", "UtilityManagementSystem\UtilityManagementSystem.csproj", "{AD5D7E93-69CE-42F8-9186-56638AFDE3DB}"
EndProject
Global
	GlobalSection(SolutionConfigurationPlatforms) = preSolution
		Debug|Any CPU = Debug|Any CPU
		Release|Any CPU = Release|Any CPU
	EndGlobalSection
	GlobalSection(ProjectConfigurationPlatforms) = postSolution
		{AD5D7E93-69CE-42F8-9186-56638AFDE3DB}.Debug|Any CPU.ActiveCfg = Debug|Any CPU
		{AD5D7E93-69CE-42F8-9186-56638AFDE3DB}.Debug|Any CPU.Build.0 = Debug|Any CPU
		{AD5D7E93-69CE-42F8-9186-56638AFDE3DB}.Release|Any CPU.ActiveCfg = Release|Any CPU
		{AD5D7E93-69CE-42F8-9186-56638AFDE3DB}.Release|Any CPU.Build.0 = Release|Any CPU
	EndGlobalSection
	GlobalSection(SolutionProperties) = preSolution
		HideSolutionNode = FALSE
	EndGlobalSection
	GlobalSection(ExtensibilityGlobals) = postSolution
		SolutionGuid = {62EC663B-4234-46B2-8B4D-FCE566AA9D81}
	EndGlobalSection
EndGlobal
